
Microsoft Visual Studio Solution File, Format Version 12.00
# Visual Studio Version 16
VisualStudioVersion = 16.0.29709.97
MinimumVisualStudioVersion = 10.0.40219.1
Project("{9092AA53-FB77-4645-B42D-1CCCA6BD08BD}") = "newschool", "newschool.njsproj", "{3A8CDB87-D67B-45DA-A591-44F65748461E}"
EndProject
Global
	GlobalSection(SolutionConfigurationPlatforms) = preSolution
		Debug|Any CPU = Debug|Any CPU
		Release|Any CPU = Release|Any CPU
	EndGlobalSection
	GlobalSection(ProjectConfigurationPlatforms) = postSolution
		{3A8CDB87-D67B-45DA-A591-44F65748461E}.Debug|Any CPU.ActiveCfg = Debug|Any CPU
		{3A8CDB87-D67B-45DA-A591-44F65748461E}.Debug|Any CPU.Build.0 = Debug|Any CPU
		{3A8CDB87-D67B-45DA-A591-44F65748461E}.Release|Any CPU.ActiveCfg = Release|Any CPU
		{3A8CDB87-D67B-45DA-A591-44F65748461E}.Release|Any CPU.Build.0 = Release|Any CPU
	EndGlobalSection
	GlobalSection(SolutionProperties) = preSolution
		HideSolutionNode = FALSE
	EndGlobalSection
	GlobalSection(ExtensibilityGlobals) = postSolution
		SolutionGuid = {1A1542F4-1E96-4309-B79C-CD58BF3CE9EA}
	EndGlobalSection
EndGlobal
